{
  "nodes": {
    "call-flake": {
      "locked": {
        "lastModified": 1754792893,
        "narHash": "sha256-11/dQG/vjpfMi4D7ku2o1UtUMf8Sud0KJ/Le44zHIc8=",
        "owner": "divnix",
        "repo": "call-flake",
        "rev": "1abb37095a152e0e8ba4315c57c84905bc8bf93c",
        "type": "github"
      },
      "original": {
        "owner": "divnix",
        "repo": "call-flake",
        "type": "github"
      }
    },
    "flake-parts": {
      "inputs": {
        "nixpkgs-lib": [
          "nixpkgs"
        ]
      },
      "locked": {
        "lastModified": 1754487366,
        "narHash": "sha256-pHYj8gUBapuUzKV/kN/tR3Zvqc7o6gdFB9XKXIp1SQ8=",
        "owner": "hercules-ci",
        "repo": "flake-parts",
        "rev": "af66ad14b28a127c5c0f3bbb298218fc63528a18",
        "type": "github"
      },
      "original": {
        "owner": "hercules-ci",
        "repo": "flake-parts",
        "type": "github"
      }
    },
    "haumea": {
      "inputs": {
        "nixpkgs": [
          "namaka",
          "nixpkgs"
        ]
      },
      "locked": {
        "lastModified": 1685133229,
        "narHash": "sha256-FePm/Gi9PBSNwiDFq3N+DWdfxFq0UKsVVTJS3cQPn94=",
        "owner": "nix-community",
        "repo": "haumea",
        "rev": "34dd58385092a23018748b50f9b23de6266dffc2",
        "type": "github"
      },
      "original": {
        "owner": "nix-community",
        "ref": "v0.2.2",
        "repo": "haumea",
        "type": "github"
      }
    },
    "namaka": {
      "inputs": {
        "haumea": "haumea",
        "nixpkgs": [
          "nixpkgs"
        ]
      },
      "locked": {
        "lastModified": 1731804449,
        "narHash": "sha256-1ka+5B90UAt7D5kkT9dOExGLJjtLM8dqLeBdFRoeuWg=",
        "owner": "nix-community",
        "repo": "namaka",
        "rev": "6a8f92b7963e772adee605f7e1a683ad92df0190",
        "type": "github"
      },
      "original": {
        "owner": "nix-community",
        "ref": "v0.2.1",
        "repo": "namaka",
        "type": "github"
      }
    },
    "nixpkgs": {
      "locked": {
        "lastModified": 1754937576,
        "narHash": "sha256-3sWA5WJybUE16kIMZ3+uxcxKZY/JRR4DFBqLdSLBo7w=",
        "owner": "nixos",
        "repo": "nixpkgs",
        "rev": "ddae11e58c0c345bf66efbddbf2192ed0e58f896",
        "type": "github"
      },
      "original": {
        "owner": "nixos",
        "ref": "nixos-25.05",
        "repo": "nixpkgs",
        "type": "github"
      }
    },
    "root": {
      "inputs": {
        "call-flake": "call-flake",
        "flake-parts": "flake-parts",
        "namaka": "namaka",
        "nixpkgs": "nixpkgs"
      }
    }
  },
  "root": "root",
  "version": 7
}
